
Microsoft Visual Studio Solution File, Format Version 12.00
# Visual Studio Version 17
VisualStudioVersion = 17.4.33110.190
MinimumVisualStudioVersion = 10.0.40219.1
Project("{FAE04EC0-301F-11D3-BF4B-00C04F79EFBC}") = "Music-Player-Project-IT008N13", "Music-Player-Project-IT008N13\Music-Player-Project-IT008N13.csproj", "{7625C479-12F6-4C1F-859B-E8CD70C59E8C}"
EndProject
Global
	GlobalSection(SolutionConfigurationPlatforms) = preSolution
		Debug|Any CPU = Debug|Any CPU
		Release|Any CPU = Release|Any CPU
	EndGlobalSection
	GlobalSection(ProjectConfigurationPlatforms) = postSolution
		{7625C479-12F6-4C1F-859B-E8CD70C59E8C}.Debug|Any CPU.ActiveCfg = Debug|Any CPU
		{7625C479-12F6-4C1F-859B-E8CD70C59E8C}.Debug|Any CPU.Build.0 = Debug|Any CPU
		{7625C479-12F6-4C1F-859B-E8CD70C59E8C}.Release|Any CPU.ActiveCfg = Release|Any CPU
		{7625C479-12F6-4C1F-859B-E8CD70C59E8C}.Release|Any CPU.Build.0 = Release|Any CPU
	EndGlobalSection
	GlobalSection(SolutionProperties) = preSolution
		HideSolutionNode = FALSE
	EndGlobalSection
	GlobalSection(ExtensibilityGlobals) = postSolution
		SolutionGuid = {A44C47CD-3D0E-4B75-96C3-15D2992E2FDD}
	EndGlobalSection
EndGlobal
